PODS:
  - contacts_service (0.2.1):
    - Flutter
  - Flutter (1.0.0)
  - path_provider (0.0.1):
    - Flutter
  - permission_handler (2.2.0):
    - Flutter
  - share_extend (0.0.1):
    - Flutter

DEPENDENCIES:
  - contacts_service (from `/Users/ansvia/Documents/ANSVIA/flutter/flutter_contacts/ios`)
  - Flutter (from `/Users/ansvia/Documents/ANSVIA/flutter/flutter/bin/cache/artifacts/engine/ios`)
  - "path_provider (from `/Users/ansvia/Documents/ANSVIA/flutter/flutter/.pub-cache/hosted/pub.dartlang.org/path_provider-0.5.0+1/ios`)"
  - permission_handler (from `/Users/ansvia/Documents/ANSVIA/flutter/flutter/.pub-cache/hosted/pub.dartlang.org/permission_handler-2.2.0/ios`)
  - share_extend (from `/Users/ansvia/Documents/ANSVIA/flutter/flutter/.pub-cache/hosted/pub.dartlang.org/share_extend-1.0.4/ios`)

EXTERNAL SOURCES:
  contacts_service:
    :path: "/Users/ansvia/Documents/ANSVIA/flutter/flutter_contacts/ios"
  Flutter:
    :path: "/Users/ansvia/Documents/ANSVIA/flutter/flutter/bin/cache/artifacts/engine/ios"
  path_provider:
    :path: "/Users/ansvia/Documents/ANSVIA/flutter/flutter/.pub-cache/hosted/pub.dartlang.org/path_provider-0.5.0+1/ios"
  permission_handler:
    :path: "/Users/ansvia/Documents/ANSVIA/flutter/flutter/.pub-cache/hosted/pub.dartlang.org/permission_handler-2.2.0/ios"
  share_extend:
    :path: "/Users/ansvia/Documents/ANSVIA/flutter/flutter/.pub-cache/hosted/pub.dartlang.org/share_extend-1.0.4/ios"

SPEC CHECKSUMS:
  contacts_service: 64ebf2a313b34bff0acf668efac52ae402ba9be0
  Flutter: 58dd7d1b27887414a370fcccb9e645c08ffd7a6a
  path_provider: f96fff6166a8867510d2c25fdcc346327cc4b259
  permission_handler: 976a8a94c3443d23fe33c11e98277d471f0e543d
  share_extend: b6748dc53695587891126a89533b862b92548c7b

PODFILE CHECKSUM: b3f98f39b16cc0a18e5ea9ecbe5cfbc88c2ad26a

COCOAPODS: 1.6.0
